# This file was autogenerated by uv via the following command:
#    uv pip compile pyproject.toml --output-file uv.lock
#
# NOTE: Certain dependencies (e.g., pydantic-core, cryptography) are pinned
# to specific versions to ensure compatibility with rustc 1.85.0 on
# Raspberry Pi / DietPi platforms.
aiohappyeyeballs==2.6.2
    # via aiohttp
aiohttp==3.14.1
    # via
    #   openhms800 (pyproject.toml)
    #   aiohttp-jinja2
aiohttp-jinja2==1.6
    # via openhms800 (pyproject.toml)
aiomqtt==2.5.1
    # via openhms800 (pyproject.toml)
aiosignal==1.4.0
    # via aiohttp
annotated-types==0.7.0
    # via pydantic
attrs==26.1.0
    # via aiohttp
bleak==3.0.2
    # via hiflow-ble
cffi==2.0.0
    # via cryptography
cryptography==43.0.3
    # via
    #   hiflow-ble
dbus-fast==5.0.22
    # via bleak
frozenlist==1.8.0
    # via
    #   aiohttp
    #   aiosignal
hiflow-ble @ git+https://github.com/TheTiEr/hiflow-ble.git@be74f3659063b20eee77334fe013a8e56394f79f
    # via
    #   openhms800 (pyproject.toml)
    #   hms800-ble
hms800-ble @ git+https://github.com/MichaelMay81/hms800-ble.git@75e6f7dd9c585ff11bf394ecf42ae550ed020a33
    # via openhms800 (pyproject.toml)
idna==3.18
    # via yarl
jinja2==3.1.6
    # via
    #   openhms800 (pyproject.toml)
    #   aiohttp-jinja2
markupsafe==3.0.3
    # via jinja2
multidict==6.7.1
    # via
    #   aiohttp
    #   yarl
paho-mqtt==2.1.0
    # via aiomqtt
propcache==0.5.2
    # via
    #   aiohttp
    #   yarl
protobuf==7.35.1
    # via
    #   openhms800 (pyproject.toml)
    #   hiflow-ble
    #   hms800-ble
psutil==7.2.2
    # via openhms800 (pyproject.toml)
pycparser==3.0
    # via cffi
pydantic==2.12.5
    # via
    #   openhms800 (pyproject.toml)
    #   pydantic-settings
pydantic-core==2.41.5
    # via
    #   pydantic
pydantic-settings==2.14.1
    # via openhms800 (pyproject.toml)
python-dotenv==1.2.2
    # via pydantic-settings
typing-extensions==4.15.0
    # via
    #   aiohttp
    #   aiosignal
    #   bleak
    #   pydantic
    #   pydantic-core
    #   typing-inspection
typing-inspection==0.4.2
    # via
    #   pydantic
    #   pydantic-settings
yarl==1.24.2
    # via aiohttp
